
Microsoft Visual Studio Solution File, Format Version 12.00
# Visual Studio 15
VisualStudioVersion = 15.0.28307.1831
MinimumVisualStudioVersion = 10.0.40219.1
Project("{FAE04EC0-301F-11D3-BF4B-00C04F79EFBC}") = "NBEWindowsFormApplication", "NBEWindowsFormApplication.csproj", "{F576883F-E891-426E-BE1A-1E83E3F2DC87}"
EndProject
Global
	GlobalSection(SolutionConfigurationPlatforms) = preSolution
		Debug|Any CPU = Debug|Any CPU
		Release|Any CPU = Release|Any CPU
	EndGlobalSection
	GlobalSection(ProjectConfigurationPlatforms) = postSolution
		{F576883F-E891-426E-BE1A-1E83E3F2DC87}.Debug|Any CPU.ActiveCfg = Debug|Any CPU
		{F576883F-E891-426E-BE1A-1E83E3F2DC87}.Debug|Any CPU.Build.0 = Debug|Any CPU
		{F576883F-E891-426E-BE1A-1E83E3F2DC87}.Release|Any CPU.ActiveCfg = Release|Any CPU
		{F576883F-E891-426E-BE1A-1E83E3F2DC87}.Release|Any CPU.Build.0 = Release|Any CPU
	EndGlobalSection
	GlobalSection(SolutionProperties) = preSolution
		HideSolutionNode = FALSE
	EndGlobalSection
	GlobalSection(ExtensibilityGlobals) = postSolution
		SolutionGuid = {2F11584D-3692-47C9-8B74-009F6D2927BF}
	EndGlobalSection
EndGlobal
